
Microsoft Visual Studio Solution File, Format Version 12.00
# Visual Studio Version 17
VisualStudioVersion = 17.1.32421.90
MinimumVisualStudioVersion = 10.0.40219.1
Project("{FAE04EC0-301F-11D3-BF4B-00C04F79EFBC}") = "AlgorithmProblems", "AlgorithmProblems.csproj", "{24102AB8-FA72-4FCD-91E2-C7459FC21498}"
EndProject
Global
	GlobalSection(SolutionConfigurationPlatforms) = preSolution
		Debug|Any CPU = Debug|Any CPU
		Release|Any CPU = Release|Any CPU
	EndGlobalSection
	GlobalSection(ProjectConfigurationPlatforms) = postSolution
		{24102AB8-FA72-4FCD-91E2-C7459FC21498}.Debug|Any CPU.ActiveCfg = Debug|Any CPU
		{24102AB8-FA72-4FCD-91E2-C7459FC21498}.Debug|Any CPU.Build.0 = Debug|Any CPU
		{24102AB8-FA72-4FCD-91E2-C7459FC21498}.Release|Any CPU.ActiveCfg = Release|Any CPU
		{24102AB8-FA72-4FCD-91E2-C7459FC21498}.Release|Any CPU.Build.0 = Release|Any CPU
	EndGlobalSection
	GlobalSection(SolutionProperties) = preSolution
		HideSolutionNode = FALSE
	EndGlobalSection
	GlobalSection(ExtensibilityGlobals) = postSolution
		SolutionGuid = {FA70D3F7-F00B-4C4D-8291-E74CC7C373A3}
	EndGlobalSection
EndGlobal
